{
  "requires": true,
  "lockfileVersion": 1,
  "dependencies": {
    "types-registry": {
      "version": "0.1.675",
      "resolved": "https://registry.npmjs.org/types-registry/-/types-registry-0.1.675.tgz",
      "integrity": "sha512-VfAcOzfm6KWCWXSnlA3PjSEwbZoz3WukbjQDmkjuMgphSkQHanLougVWH5Tz4JLXQ3DpIbes+0SRnXf6MM4eqQ=="
    }
  }
}
